
Microsoft Visual Studio Solution File, Format Version 12.00
# Visual Studio Version 17
VisualStudioVersion = 17.0.31903.59
MinimumVisualStudioVersion = 10.0.40219.1
Project("{FAE04EC0-301F-11D3-BF4B-00C04F79EFBC}") = "Marky", "Marky\Marky.csproj", "{6EADFD6B-A8F2-4AB9-95B0-E236299C129A}"
EndProject
Project("{FAE04EC0-301F-11D3-BF4B-00C04F79EFBC}") = "Marky.Tests", "Marky.Tests\Marky.Tests.csproj", "{69ED62AB-9250-4B93-8C40-B1EA670B3465}"
EndProject
Global
	GlobalSection(SolutionConfigurationPlatforms) = preSolution
		Debug|Any CPU = Debug|Any CPU
		Release|Any CPU = Release|Any CPU
	EndGlobalSection
	GlobalSection(SolutionProperties) = preSolution
		HideSolutionNode = FALSE
	EndGlobalSection
	GlobalSection(ProjectConfigurationPlatforms) = postSolution
		{6EADFD6B-A8F2-4AB9-95B0-E236299C129A}.Debug|Any CPU.ActiveCfg = Debug|Any CPU
		{6EADFD6B-A8F2-4AB9-95B0-E236299C129A}.Debug|Any CPU.Build.0 = Debug|Any CPU
		{6EADFD6B-A8F2-4AB9-95B0-E236299C129A}.Release|Any CPU.ActiveCfg = Release|Any CPU
		{6EADFD6B-A8F2-4AB9-95B0-E236299C129A}.Release|Any CPU.Build.0 = Release|Any CPU
		{69ED62AB-9250-4B93-8C40-B1EA670B3465}.Debug|Any CPU.ActiveCfg = Debug|Any CPU
		{69ED62AB-9250-4B93-8C40-B1EA670B3465}.Debug|Any CPU.Build.0 = Debug|Any CPU
		{69ED62AB-9250-4B93-8C40-B1EA670B3465}.Release|Any CPU.ActiveCfg = Release|Any CPU
		{69ED62AB-9250-4B93-8C40-B1EA670B3465}.Release|Any CPU.Build.0 = Release|Any CPU
	EndGlobalSection
EndGlobal
